
Microsoft Visual Studio Solution File, Format Version 12.00
# Visual Studio Version 17
VisualStudioVersion = 17.11.35208.52
MinimumVisualStudioVersion = 10.0.40219.1
Project("{FAE04EC0-301F-11D3-BF4B-00C04F79EFBC}") = "LeSoleil-Taller2", "LeSoleil-Taller2\LeSoleil-Taller2.csproj", "{A52389EA-3361-464B-8AD4-3531C86DFC07}"
EndProject
Project("{FAE04EC0-301F-11D3-BF4B-00C04F79EFBC}") = "CapaDatos", "CapaDatos\CapaDatos.csproj", "{EA63FB7F-90DF-4D8A-8649-42DCDAD1B385}"
EndProject
Project("{FAE04EC0-301F-11D3-BF4B-00C04F79EFBC}") = "CapaEntidad", "CapaEntidad\CapaEntidad.csproj", "{7A0CA0D1-B2B2-4502-AF4D-76740D277F00}"
EndProject
Project("{FAE04EC0-301F-11D3-BF4B-00C04F79EFBC}") = "CapaNegocio", "CapaNegocio\CapaNegocio.csproj", "{18410B2E-C410-41CE-91BB-B4C419519A82}"
EndProject
Global
	GlobalSection(SolutionConfigurationPlatforms) = preSolution
		Debug|Any CPU = Debug|Any CPU
		Release|Any CPU = Release|Any CPU
	EndGlobalSection
	GlobalSection(ProjectConfigurationPlatforms) = postSolution
		{A52389EA-3361-464B-8AD4-3531C86DFC07}.Debug|Any CPU.ActiveCfg = Debug|Any CPU
		{A52389EA-3361-464B-8AD4-3531C86DFC07}.Debug|Any CPU.Build.0 = Debug|Any CPU
		{A52389EA-3361-464B-8AD4-3531C86DFC07}.Release|Any CPU.ActiveCfg = Release|Any CPU
		{A52389EA-3361-464B-8AD4-3531C86DFC07}.Release|Any CPU.Build.0 = Release|Any CPU
		{EA63FB7F-90DF-4D8A-8649-42DCDAD1B385}.Debug|Any CPU.ActiveCfg = Debug|Any CPU
		{EA63FB7F-90DF-4D8A-8649-42DCDAD1B385}.Debug|Any CPU.Build.0 = Debug|Any CPU
		{EA63FB7F-90DF-4D8A-8649-42DCDAD1B385}.Release|Any CPU.ActiveCfg = Release|Any CPU
		{EA63FB7F-90DF-4D8A-8649-42DCDAD1B385}.Release|Any CPU.Build.0 = Release|Any CPU
		{7A0CA0D1-B2B2-4502-AF4D-76740D277F00}.Debug|Any CPU.ActiveCfg = Debug|Any CPU
		{7A0CA0D1-B2B2-4502-AF4D-76740D277F00}.Debug|Any CPU.Build.0 = Debug|Any CPU
		{7A0CA0D1-B2B2-4502-AF4D-76740D277F00}.Release|Any CPU.ActiveCfg = Release|Any CPU
		{7A0CA0D1-B2B2-4502-AF4D-76740D277F00}.Release|Any CPU.Build.0 = Release|Any CPU
		{18410B2E-C410-41CE-91BB-B4C419519A82}.Debug|Any CPU.ActiveCfg = Debug|Any CPU
		{18410B2E-C410-41CE-91BB-B4C419519A82}.Debug|Any CPU.Build.0 = Debug|Any CPU
		{18410B2E-C410-41CE-91BB-B4C419519A82}.Release|Any CPU.ActiveCfg = Release|Any CPU
		{18410B2E-C410-41CE-91BB-B4C419519A82}.Release|Any CPU.Build.0 = Release|Any CPU
	EndGlobalSection
	GlobalSection(SolutionProperties) = preSolution
		HideSolutionNode = FALSE
	EndGlobalSection
	GlobalSection(ExtensibilityGlobals) = postSolution
		SolutionGuid = {FD8D5E97-1A32-4F30-855D-4A59696E91AB}
	EndGlobalSection
EndGlobal
